
Microsoft Visual Studio Solution File, Format Version 12.00
# Visual Studio 15
VisualStudioVersion = 15.0.28307.168
MinimumVisualStudioVersion = 10.0.40219.1
Project("{FAE04EC0-301F-11D3-BF4B-00C04F79EFBC}") = "Laboratorio_API", "Laboratorio_API\Laboratorio_API.csproj", "{30750D51-FA51-4FF5-88F4-9505668D2EE1}"
EndProject
Global
	GlobalSection(SolutionConfigurationPlatforms) = preSolution
		Debug|Any CPU = Debug|Any CPU
		Release|Any CPU = Release|Any CPU
	EndGlobalSection
	GlobalSection(ProjectConfigurationPlatforms) = postSolution
		{30750D51-FA51-4FF5-88F4-9505668D2EE1}.Debug|Any CPU.ActiveCfg = Debug|Any CPU
		{30750D51-FA51-4FF5-88F4-9505668D2EE1}.Debug|Any CPU.Build.0 = Debug|Any CPU
		{30750D51-FA51-4FF5-88F4-9505668D2EE1}.Release|Any CPU.ActiveCfg = Release|Any CPU
		{30750D51-FA51-4FF5-88F4-9505668D2EE1}.Release|Any CPU.Build.0 = Release|Any CPU
	EndGlobalSection
	GlobalSection(SolutionProperties) = preSolution
		HideSolutionNode = FALSE
	EndGlobalSection
	GlobalSection(ExtensibilityGlobals) = postSolution
		SolutionGuid = {794EA595-C9B3-4C75-A522-DB0B236DD8D1}
	EndGlobalSection
EndGlobal
